
Microsoft Visual Studio Solution File, Format Version 12.00
# Visual Studio Version 16
VisualStudioVersion = 16.0.31112.23
MinimumVisualStudioVersion = 10.0.40219.1
Project("{9A19103F-16F7-4668-BE54-9A1E7A4F7556}") = "Inkoplistan", "Inkoplistan\Inkoplistan.csproj", "{E4A0D3C8-7263-40C7-8F3D-C70F75E2B808}"
EndProject
Global
	GlobalSection(SolutionConfigurationPlatforms) = preSolution
		Debug|Any CPU = Debug|Any CPU
		Release|Any CPU = Release|Any CPU
	EndGlobalSection
	GlobalSection(ProjectConfigurationPlatforms) = postSolution
		{E4A0D3C8-7263-40C7-8F3D-C70F75E2B808}.Debug|Any CPU.ActiveCfg = Debug|Any CPU
		{E4A0D3C8-7263-40C7-8F3D-C70F75E2B808}.Debug|Any CPU.Build.0 = Debug|Any CPU
		{E4A0D3C8-7263-40C7-8F3D-C70F75E2B808}.Release|Any CPU.ActiveCfg = Release|Any CPU
		{E4A0D3C8-7263-40C7-8F3D-C70F75E2B808}.Release|Any CPU.Build.0 = Release|Any CPU
	EndGlobalSection
	GlobalSection(SolutionProperties) = preSolution
		HideSolutionNode = FALSE
	EndGlobalSection
	GlobalSection(ExtensibilityGlobals) = postSolution
		SolutionGuid = {69B36921-32C3-40E2-BF0B-EA6BF7675494}
	EndGlobalSection
EndGlobal
